
Microsoft Visual Studio Solution File, Format Version 12.00
# Visual Studio Version 16
VisualStudioVersion = 16.0.29209.62
MinimumVisualStudioVersion = 10.0.40219.1
Project("{9092AA53-FB77-4645-B42D-1CCCA6BD08BD}") = "proyecto1", "proyecto1\proyecto1.njsproj", "{50CEC677-0484-4291-A3F8-32E740C38CCE}"
EndProject
Global
	GlobalSection(SolutionConfigurationPlatforms) = preSolution
		Debug|Any CPU = Debug|Any CPU
		Release|Any CPU = Release|Any CPU
	EndGlobalSection
	GlobalSection(ProjectConfigurationPlatforms) = postSolution
		{50CEC677-0484-4291-A3F8-32E740C38CCE}.Debug|Any CPU.ActiveCfg = Debug|Any CPU
		{50CEC677-0484-4291-A3F8-32E740C38CCE}.Debug|Any CPU.Build.0 = Debug|Any CPU
		{50CEC677-0484-4291-A3F8-32E740C38CCE}.Release|Any CPU.ActiveCfg = Release|Any CPU
		{50CEC677-0484-4291-A3F8-32E740C38CCE}.Release|Any CPU.Build.0 = Release|Any CPU
	EndGlobalSection
	GlobalSection(SolutionProperties) = preSolution
		HideSolutionNode = FALSE
	EndGlobalSection
	GlobalSection(ExtensibilityGlobals) = postSolution
		SolutionGuid = {2540BFF8-4487-4D4B-87AF-48DA58F02801}
	EndGlobalSection
EndGlobal
